// !$*UTF8*$!
{
	archiveVersion = 1;
	classes = {
	};
	objectVersion = 48;
	objects = {

/* Begin PBXBuildFile section */
		0735CB6320C8D52600C7589A /* AppDelegate.swift in Sources */ = {isa = PBXBuildFile; fileRef = 0735CB6220C8D52600C7589A /* AppDelegate.swift */; };
		0735CB6520C8D52600C7589A /* ViewController.swift in Sources */ = {isa = PBXBuildFile; fileRef = 0735CB6420C8D52600C7589A /* ViewController.swift */; };
		0735CB6820C8D52600C7589A /* Main.storyboard in Resources */ = {isa = PBXBuildFile; fileRef = 0735CB6620C8D52600C7589A /* Main.storyboard */; };
		0735CB6D20C8D52600C7589A /* LaunchScreen.storyboard in Resources */ = {isa = PBXBuildFile; fileRef = 0735CB6B20C8D52600C7589A /* LaunchScreen.storyboard */; };
		0735CB7520C8E3C200C7589A /* Eventos.swift in Sources */ = {isa = PBXBuildFile; fileRef = 0735CB7420C8E3C200C7589A /* Eventos.swift */; };
		0735CB7720C8E65B00C7589A /* Participante.swift in Sources */ = {isa = PBXBuildFile; fileRef = 0735CB7620C8E65B00C7589A /* Participante.swift */; };
		0745B7D920C9BF55000DFF85 /* REST.swift in Sources */ = {isa = PBXBuildFile; fileRef = 0745B7D820C9BF55000DFF85 /* REST.swift */; };
		0745B7DB20C9FE14000DFF85 /* EventosCelula.swift in Sources */ = {isa = PBXBuildFile; fileRef = 0745B7DA20C9FE14000DFF85 /* EventosCelula.swift */; };
		0745B7DD20CA2C61000DFF85 /* DetalheEventoViewController.swift in Sources */ = {isa = PBXBuildFile; fileRef = 0745B7DC20CA2C61000DFF85 /* DetalheEventoViewController.swift */; };
		0745B7DF20CA3048000DFF85 /* DetalhesParticipanteViewController.swift in Sources */ = {isa = PBXBuildFile; fileRef = 0745B7DE20CA3048000DFF85 /* DetalhesParticipanteViewController.swift */; };
		0745B7E420CB120C000DFF85 /* Assets.xcassets in Resources */ = {isa = PBXBuildFile; fileRef = 0745B7E320CB120C000DFF85 /* Assets.xcassets */; };
/* End PBXBuildFile section */

/* Begin PBXFileReference section */
		0735CB5F20C8D52600C7589A /* GestaoDeEventos.app */ = {isa = PBXFileReference; explicitFileType = wrapper.application; includeInIndex = 0; path = GestaoDeEventos.app; sourceTree = BUILT_PRODUCTS_DIR; };
		0735CB6220C8D52600C7589A /* AppDelegate.swift */ = {isa = PBXFileReference; lastKnownFileType = sourcecode.swift; path = AppDelegate.swift; sourceTree = "<group>"; };
		0735CB6420C8D52600C7589A /* ViewController.swift */ = {isa = PBXFileReference; lastKnownFileType = sourcecode.swift; path = ViewController.swift; sourceTree = "<group>"; };
		0735CB6720C8D52600C7589A /* Base */ = {isa = PBXFileReference; lastKnownFileType = file.storyboard; name = Base; path = Base.lproj/Main.storyboard; sourceTree = "<group>"; };
		0735CB6C20C8D52600C7589A /* Base */ = {isa = PBXFileReference; lastKnownFileType = file.storyboard; name = Base; path = Base.lproj/LaunchScreen.storyboard; sourceTree = "<group>"; };
		0735CB6E20C8D52600C7589A /* Info.plist */ = {isa = PBXFileReference; lastKnownFileType = text.plist.xml; path = Info.plist; sourceTree = "<group>"; };
		0735CB7420C8E3C200C7589A /* Eventos.swift */ = {isa = PBXFileReference; lastKnownFileType = sourcecode.swift; path = Eventos.swift; sourceTree = "<group>"; };
		0735CB7620C8E65B00C7589A /* Participante.swift */ = {isa = PBXFileReference; lastKnownFileType = sourcecode.swift; path = Participante.swift; sourceTree = "<group>"; };
		0745B7D820C9BF55000DFF85 /* REST.swift */ = {isa = PBXFileReference; lastKnownFileType = sourcecode.swift; path = REST.swift; sourceTree = "<group>"; };
		0745B7DA20C9FE14000DFF85 /* EventosCelula.swift */ = {isa = PBXFileReference; lastKnownFileType = sourcecode.swift; path = EventosCelula.swift; sourceTree = "<group>"; };
		0745B7DC20CA2C61000DFF85 /* DetalheEventoViewController.swift */ = {isa = PBXFileReference; lastKnownFileType = sourcecode.swift; path = DetalheEventoViewController.swift; sourceTree = "<group>"; };
		0745B7DE20CA3048000DFF85 /* DetalhesParticipanteViewController.swift */ = {isa = PBXFileReference; lastKnownFileType = sourcecode.swift; path = DetalhesParticipanteViewController.swift; sourceTree = "<group>"; };
		0745B7E320CB120C000DFF85 /* Assets.xcassets */ = {isa = PBXFileReference; lastKnownFileType = folder.assetcatalog; path = Assets.xcassets; sourceTree = "<group>"; };
/* End PBXFileReference section */

/* Begin PBXFrameworksBuildPhase section */
		0735CB5C20C8D52600C7589A /* Frameworks */ = {
			isa = PBXFrameworksBuildPhase;
			buildActionMask = 2147483647;
			files = (
			);
			runOnlyForDeploymentPostprocessing = 0;
		};
/* End PBXFrameworksBuildPhase section */

/* Begin PBXGroup section */
		0735CB5620C8D52600C7589A = {
			isa = PBXGroup;
			children = (
				0735CB6120C8D52600C7589A /* GestaoDeEventos */,
				0735CB6020C8D52600C7589A /* Products */,
			);
			sourceTree = "<group>";
		};
		0735CB6020C8D52600C7589A /* Products */ = {
			isa = PBXGroup;
			children = (
				0735CB5F20C8D52600C7589A /* GestaoDeEventos.app */,
			);
			name = Products;
			sourceTree = "<group>";
		};
		0735CB6120C8D52600C7589A /* GestaoDeEventos */ = {
			isa = PBXGroup;
			children = (
				0745B7E220CA326C000DFF85 /* View */,
				0745B7E120CA3242000DFF85 /* Controller */,
				0745B7E020CA320B000DFF85 /* Model */,
				0735CB6220C8D52600C7589A /* AppDelegate.swift */,
				0735CB6E20C8D52600C7589A /* Info.plist */,
				0745B7E320CB120C000DFF85 /* Assets.xcassets */,
			);
			path = GestaoDeEventos;
			sourceTree = "<group>";
		};
		0745B7E020CA320B000DFF85 /* Model */ = {
			isa = PBXGroup;
			children = (
				0735CB7620C8E65B00C7589A /* Participante.swift */,
				0745B7DA20C9FE14000DFF85 /* EventosCelula.swift */,
				0735CB7420C8E3C200C7589A /* Eventos.swift */,
				0745B7D820C9BF55000DFF85 /* REST.swift */,
			);
			path = Model;
			sourceTree = "<group>";
		};
		0745B7E120CA3242000DFF85 /* Controller */ = {
			isa = PBXGroup;
			children = (
				0745B7DC20CA2C61000DFF85 /* DetalheEventoViewController.swift */,
				0745B7DE20CA3048000DFF85 /* DetalhesParticipanteViewController.swift */,
				0735CB6420C8D52600C7589A /* ViewController.swift */,
			);
			path = Controller;
			sourceTree = "<group>";
		};
		0745B7E220CA326C000DFF85 /* View */ = {
			isa = PBXGroup;
			children = (
				0735CB6B20C8D52600C7589A /* LaunchScreen.storyboard */,
				0735CB6620C8D52600C7589A /* Main.storyboard */,
			);
			path = View;
			sourceTree = "<group>";
		};
/* End PBXGroup section */

/* Begin PBXNativeTarget section */
		0735CB5E20C8D52600C7589A /* GestaoDeEventos */ = {
			isa = PBXNativeTarget;
			buildConfigurationList = 0735CB7120C8D52600C7589A /* Build configuration list for PBXNativeTarget "GestaoDeEventos" */;
			buildPhases = (
				0735CB5B20C8D52600C7589A /* Sources */,
				0735CB5C20C8D52600C7589A /* Frameworks */,
				0735CB5D20C8D52600C7589A /* Resources */,
			);
			buildRules = (
			);
			dependencies = (
			);
			name = GestaoDeEventos;
			productName = GestaoDeEventos;
			productReference = 0735CB5F20C8D52600C7589A /* GestaoDeEventos.app */;
			productType = "com.apple.product-type.application";
		};
/* End PBXNativeTarget section */

/* Begin PBXProject section */
		0735CB5720C8D52600C7589A /* Project object */ = {
			isa = PBXProject;
			attributes = {
				LastSwiftUpdateCheck = 0910;
				LastUpgradeCheck = 0910;
				ORGANIZATIONNAME = Israel3D;
				TargetAttributes = {
					0735CB5E20C8D52600C7589A = {
						CreatedOnToolsVersion = 9.1;
						ProvisioningStyle = Automatic;
					};
				};
			};
			buildConfigurationList = 0735CB5A20C8D52600C7589A /* Build configuration list for PBXProject "GestaoDeEventos" */;
			compatibilityVersion = "Xcode 8.0";
			developmentRegion = en;
			hasScannedForEncodings = 0;
			knownRegions = (
				en,
				Base,
			);
			mainGroup = 0735CB5620C8D52600C7589A;
			productRefGroup = 0735CB6020C8D52600C7589A /* Products */;
			projectDirPath = "";
			projectRoot = "";
			targets = (
				0735CB5E20C8D52600C7589A /* GestaoDeEventos */,
			);
		};
/* End PBXProject section */

/* Begin PBXResourcesBuildPhase section */
		0735CB5D20C8D52600C7589A /* Resources */ = {
			isa = PBXResourcesBuildPhase;
			buildActionMask = 2147483647;
			files = (
				0735CB6D20C8D52600C7589A /* LaunchScreen.storyboard in Resources */,
				0745B7E420CB120C000DFF85 /* Assets.xcassets in Resources */,
				0735CB6820C8D52600C7589A /* Main.storyboard in Resources */,
			);
			runOnlyForDeploymentPostprocessing = 0;
		};
/* End PBXResourcesBuildPhase section */

/* Begin PBXSourcesBuildPhase section */
		0735CB5B20C8D52600C7589A /* Sources */ = {
			isa = PBXSourcesBuildPhase;
			buildActionMask = 2147483647;
			files = (
				0745B7DF20CA3048000DFF85 /* DetalhesParticipanteViewController.swift in Sources */,
				0735CB6520C8D52600C7589A /* ViewController.swift in Sources */,
				0735CB7720C8E65B00C7589A /* Participante.swift in Sources */,
				0745B7DB20C9FE14000DFF85 /* EventosCelula.swift in Sources */,
				0735CB6320C8D52600C7589A /* AppDelegate.swift in Sources */,
				0745B7DD20CA2C61000DFF85 /* DetalheEventoViewController.swift in Sources */,
				0745B7D920C9BF55000DFF85 /* REST.swift in Sources */,
				0735CB7520C8E3C200C7589A /* Eventos.swift in Sources */,
			);
			runOnlyForDeploymentPostprocessing = 0;
		};
/* End PBXSourcesBuildPhase section */

/* Begin PBXVariantGroup section */
		0735CB6620C8D52600C7589A /* Main.storyboard */ = {
			isa = PBXVariantGroup;
			children = (
				0735CB6720C8D52600C7589A /* Base */,
			);
			name = Main.storyboard;
			sourceTree = "<group>";
		};
		0735CB6B20C8D52600C7589A /* LaunchScreen.storyboard */ = {
			isa = PBXVariantGroup;
			children = (
				0735CB6C20C8D52600C7589A /* Base */,
			);
			name = LaunchScreen.storyboard;
			sourceTree = "<group>";
		};
/* End PBXVariantGroup section */

/* Begin XCBuildConfiguration section */
		0735CB6F20C8D52600C7589A /* Debug */ = {
			isa = XCBuildConfiguration;
			buildSettings = {
				ALWAYS_SEARCH_USER_PATHS = NO;
				CLANG_ANALYZER_NONNULL = YES;
				CLANG_ANALYZER_NUMBER_OBJECT_CONVERSION = YES_AGGRESSIVE;
				CLANG_CXX_LANGUAGE_STANDARD = "gnu++14";
				CLANG_CXX_LIBRARY = "libc++";
				CLANG_ENABLE_MODULES = YES;
				CLANG_ENABLE_OBJC_ARC = YES;
				CLANG_WARN_BLOCK_CAPTURE_AUTORELEASING = YES;
				CLANG_WARN_BOOL_CONVERSION = YES;
				CLANG_WARN_COMMA = YES;
				CLANG_WARN_CONSTANT_CONVERSION = YES;
				CLANG_WARN_DIRECT_OBJC_ISA_USAGE = YES_ERROR;
				CLANG_WARN_DOCUMENTATION_COMMENTS = YES;
				CLANG_WARN_EMPTY_BODY = YES;
				CLANG_WARN_ENUM_CONVERSION = YES;
				CLANG_WARN_INFINITE_RECURSION = YES;
				CLANG_WARN_INT_CONVERSION = YES;
				CLANG_WARN_NON_LITERAL_NULL_CONVERSION = YES;
				CLANG_WARN_OBJC_LITERAL_CONVERSION = YES;
				CLANG_WARN_OBJC_ROOT_CLASS = YES_ERROR;
				CLANG_WARN_RANGE_LOOP_ANALYSIS = YES;
				CLANG_WARN_STRICT_PROTOTYPES = YES;
				CLANG_WARN_SUSPICIOUS_MOVE = YES;
				CLANG_WARN_UNGUARDED_AVAILABILITY = YES_AGGRESSIVE;
				CLANG_WARN_UNREACHABLE_CODE = YES;
				CLANG_WARN__DUPLICATE_METHOD_MATCH = YES;
				CODE_SIGN_IDENTITY = "iPhone Developer";
				COPY_PHASE_STRIP = NO;
				DEBUG_INFORMATION_FORMAT = dwarf;
				ENABLE_STRICT_OBJC_MSGSEND = YES;
				ENABLE_TESTABILITY = YES;
				GCC_C_LANGUAGE_STANDARD = gnu11;
				GCC_DYNAMIC_NO_PIC = NO;
				GCC_NO_COMMON_BLOCKS = YES;
				GCC_OPTIMIZATION_LEVEL = 0;
				GCC_PREPROCESSOR_DEFINITIONS = (
					"DEBUG=1",
					"$(inherited)",
				);
				GCC_WARN_64_TO_32_BIT_CONVERSION = YES;
				GCC_WARN_ABOUT_RETURN_TYPE = YES_ERROR;
				GCC_WARN_UNDECLARED_SELECTOR = YES;
				GCC_WARN_UNINITIALIZED_AUTOS = YES_AGGRESSIVE;
				GCC_WARN_UNUSED_FUNCTION = YES;
				GCC_WARN_UNUSED_VARIABLE = YES;
				IPHONEOS_DEPLOYMENT_TARGET = 11.1;
				MTL_ENABLE_DEBUG_INFO = YES;
				ONLY_ACTIVE_ARCH = YES;
				SDKROOT = iphoneos;
				SWIFT_ACTIVE_COMPILATION_CONDITIONS = DEBUG;
				SWIFT_OPTIMIZATION_LEVEL = "-Onone";
			};
			name = Debug;
		};
		0735CB7020C8D52600C7589A /* Release */ = {
			isa = XCBuildConfiguration;
			buildSettings = {
				ALWAYS_SEARCH_USER_PATHS = NO;
				CLANG_ANALYZER_NONNULL = YES;
				CLANG_ANALYZER_NUMBER_OBJECT_CONVERSION = YES_AGGRESSIVE;
				CLANG_CXX_LANGUAGE_STANDARD = "gnu++14";
				CLANG_CXX_LIBRARY = "libc++";
				CLANG_ENABLE_MODULES = YES;
				CLANG_ENABLE_OBJC_ARC = YES;
				CLANG_WARN_BLOCK_CAPTURE_AUTORELEASING = YES;
				CLANG_WARN_BOOL_CONVERSION = YES;
				CLANG_WARN_COMMA = YES;
				CLANG_WARN_CONSTANT_CONVERSION = YES;
				CLANG_WARN_DIRECT_OBJC_ISA_USAGE = YES_ERROR;
				CLANG_WARN_DOCUMENTATION_COMMENTS = YES;
				CLANG_WARN_EMPTY_BODY = YES;
				CLANG_WARN_ENUM_CONVERSION = YES;
				CLANG_WARN_INFINITE_RECURSION = YES;
				CLANG_WARN_INT_CONVERSION = YES;
				CLANG_WARN_NON_LITERAL_NULL_CONVERSION = YES;
				CLANG_WARN_OBJC_LITERAL_CONVERSION = YES;
				CLANG_WARN_OBJC_ROOT_CLASS = YES_ERROR;
				CLANG_WARN_RANGE_LOOP_ANALYSIS = YES;
				CLANG_WARN_STRICT_PROTOTYPES = YES;
				CLANG_WARN_SUSPICIOUS_MOVE = YES;
				CLANG_WARN_UNGUARDED_AVAILABILITY = YES_AGGRESSIVE;
				CLANG_WARN_UNREACHABLE_CODE = YES;
				CLANG_WARN__DUPLICATE_METHOD_MATCH = YES;
				CODE_SIGN_IDENTITY = "iPhone Developer";
				COPY_PHASE_STRIP = NO;
				DEBUG_INFORMATION_FORMAT = "dwarf-with-dsym";
				ENABLE_NS_ASSERTIONS = NO;
				ENABLE_STRICT_OBJC_MSGSEND = YES;
				GCC_C_LANGUAGE_STANDARD = gnu11;
				GCC_NO_COMMON_BLOCKS = YES;
				GCC_WARN_64_TO_32_BIT_CONVERSION = YES;
				GCC_WARN_ABOUT_RETURN_TYPE = YES_ERROR;
				GCC_WARN_UNDECLARED_SELECTOR = YES;
				GCC_WARN_UNINITIALIZED_AUTOS = YES_AGGRESSIVE;
				GCC_WARN_UNUSED_FUNCTION = YES;
				GCC_WARN_UNUSED_VARIABLE = YES;
				IPHONEOS_DEPLOYMENT_TARGET = 11.1;
				MTL_ENABLE_DEBUG_INFO = NO;
				SDKROOT = iphoneos;
				SWIFT_OPTIMIZATION_LEVEL = "-Owholemodule";
				VALIDATE_PRODUCT = YES;
			};
			name = Release;
		};
		0735CB7220C8D52600C7589A /* Debug */ = {
			isa = XCBuildConfiguration;
			buildSettings = {
				ASSETCATALOG_COMPILER_APPICON_NAME = AppIcon;
				CODE_SIGN_STYLE = Automatic;
				DEVELOPMENT_TEAM = FPH78JW9WA;
				INFOPLIST_FILE = GestaoDeEventos/Info.plist;
				LD_RUNPATH_SEARCH_PATHS = "$(inherited) @executable_path/Frameworks";
				PRODUCT_BUNDLE_IDENTIFIER = israel3D.GestaoDeEventos;
				PRODUCT_NAME = "$(TARGET_NAME)";
				SWIFT_VERSION = 4.0;
				TARGETED_DEVICE_FAMILY = "1,2";
			};
			name = Debug;
		};
		0735CB7320C8D52600C7589A /* Release */ = {
			isa = XCBuildConfiguration;
			buildSettings = {
				ASSETCATALOG_COMPILER_APPICON_NAME = AppIcon;
				CODE_SIGN_STYLE = Automatic;
				DEVELOPMENT_TEAM = FPH78JW9WA;
				INFOPLIST_FILE = GestaoDeEventos/Info.plist;
				LD_RUNPATH_SEARCH_PATHS = "$(inherited) @executable_path/Frameworks";
				PRODUCT_BUNDLE_IDENTIFIER = israel3D.GestaoDeEventos;
				PRODUCT_NAME = "$(TARGET_NAME)";
				SWIFT_VERSION = 4.0;
				TARGETED_DEVICE_FAMILY = "1,2";
			};
			name = Release;
		};
/* End XCBuildConfiguration section */

/* Begin XCConfigurationList section */
		0735CB5A20C8D52600C7589A /* Build configuration list for PBXProject "GestaoDeEventos" */ = {
			isa = XCConfigurationList;
			buildConfigurations = (
				0735CB6F20C8D52600C7589A /* Debug */,
				0735CB7020C8D52600C7589A /* Release */,
			);
			defaultConfigurationIsVisible = 0;
			defaultConfigurationName = Release;
		};
		0735CB7120C8D52600C7589A /* Build configuration list for PBXNativeTarget "GestaoDeEventos" */ = {
			isa = XCConfigurationList;
			buildConfigurations = (
				0735CB7220C8D52600C7589A /* Debug */,
				0735CB7320C8D52600C7589A /* Release */,
			);
			defaultConfigurationIsVisible = 0;
			defaultConfigurationName = Release;
		};
/* End XCConfigurationList section */
	};
	rootObject = 0735CB5720C8D52600C7589A /* Project object */;
}
